// !$*UTF8*$!
{
	archiveVersion = 1;
	classes = {
	};
	objectVersion = 46;
	objects = {

/* Begin PBXBuildFile section */
		633391C41A0FF9CD00A6EA5B /* finddupl.c in Sources */ = {isa = PBXBuildFile; fileRef = 633391B91A0FF9CD00A6EA5B /* finddupl.c */; };
		633391C61A0FF9CD00A6EA5B /* makefile in Sources */ = {isa = PBXBuildFile; fileRef = 633391BB1A0FF9CD00A6EA5B /* makefile */; };
		633391C71A0FF9CD00A6EA5B /* mentry.c in Sources */ = {isa = PBXBuildFile; fileRef = 633391BC1A0FF9CD00A6EA5B /* mentry.c */; };
		633391C91A0FF9CD00A6EA5B /* mlist.c in Sources */ = {isa = PBXBuildFile; fileRef = 633391BF1A0FF9CD00A6EA5B /* mlist.c */; };
/* End PBXBuildFile section */

/* Begin PBXCopyFilesBuildPhase section */
		633391AA1A0FF91A00A6EA5B /* CopyFiles */ = {
			isa = PBXCopyFilesBuildPhase;
			buildActionMask = 2147483647;
			dstPath = /usr/share/man/man1/;
			dstSubfolderSpec = 0;
			files = (
			);
			runOnlyForDeploymentPostprocessing = 1;
		};
/* End PBXCopyFilesBuildPhase section */

/* Begin PBXFileReference section */
		633391AC1A0FF91A00A6EA5B /* AP3_Assessment1 */ = {isa = PBXFileReference; explicitFileType = "compiled.mach-o.executable"; includeInIndex = 0; path = AP3_Assessment1; sourceTree = BUILT_PRODUCTS_DIR; };
		633391B61A0FF9CD00A6EA5B /* A.txt */ = {isa = PBXFileReference; fileEncoding = 4; lastKnownFileType = text; path = A.txt; sourceTree = "<group>"; };
		633391B71A0FF9CD00A6EA5B /* B.txt */ = {isa = PBXFileReference; fileEncoding = 4; lastKnownFileType = text; path = B.txt; sourceTree = "<group>"; };
		633391B81A0FF9CD00A6EA5B /* finddupl */ = {isa = PBXFileReference; lastKnownFileType = "compiled.mach-o.executable"; path = finddupl; sourceTree = "<group>"; };
		633391B91A0FF9CD00A6EA5B /* finddupl.c */ = {isa = PBXFileReference; fileEncoding = 4; lastKnownFileType = sourcecode.c.c; path = finddupl.c; sourceTree = "<group>"; };
		633391BB1A0FF9CD00A6EA5B /* makefile */ = {isa = PBXFileReference; fileEncoding = 4; lastKnownFileType = sourcecode.make; path = makefile; sourceTree = "<group>"; };
		633391BC1A0FF9CD00A6EA5B /* mentry.c */ = {isa = PBXFileReference; fileEncoding = 4; lastKnownFileType = sourcecode.c.c; path = mentry.c; sourceTree = "<group>"; };
		633391BD1A0FF9CD00A6EA5B /* mentry.h */ = {isa = PBXFileReference; fileEncoding = 4; lastKnownFileType = sourcecode.c.h; path = mentry.h; sourceTree = "<group>"; };
		633391BF1A0FF9CD00A6EA5B /* mlist.c */ = {isa = PBXFileReference; fileEncoding = 4; lastKnownFileType = sourcecode.c.c; path = mlist.c; sourceTree = "<group>"; };
		633391C01A0FF9CD00A6EA5B /* mlist.h */ = {isa = PBXFileReference; fileEncoding = 4; lastKnownFileType = sourcecode.c.h; path = mlist.h; sourceTree = "<group>"; };
		633391C21A0FF9CD00A6EA5B /* out.txt */ = {isa = PBXFileReference; fileEncoding = 4; lastKnownFileType = text; path = out.txt; sourceTree = "<group>"; };
		633391C31A0FF9CD00A6EA5B /* S.txt */ = {isa = PBXFileReference; fileEncoding = 4; lastKnownFileType = text; path = S.txt; sourceTree = "<group>"; };
/* End PBXFileReference section */

/* Begin PBXFrameworksBuildPhase section */
		633391A91A0FF91A00A6EA5B /* Frameworks */ = {
			isa = PBXFrameworksBuildPhase;
			buildActionMask = 2147483647;
			files = (
			);
			runOnlyForDeploymentPostprocessing = 0;
		};
/* End PBXFrameworksBuildPhase section */

/* Begin PBXGroup section */
		633391A31A0FF91A00A6EA5B = {
			isa = PBXGroup;
			children = (
				633391AE1A0FF91A00A6EA5B /* AP3_Assessment1 */,
				633391AD1A0FF91A00A6EA5B /* Products */,
			);
			sourceTree = "<group>";
		};
		633391AD1A0FF91A00A6EA5B /* Products */ = {
			isa = PBXGroup;
			children = (
				633391AC1A0FF91A00A6EA5B /* AP3_Assessment1 */,
			);
			name = Products;
			sourceTree = "<group>";
		};
		633391AE1A0FF91A00A6EA5B /* AP3_Assessment1 */ = {
			isa = PBXGroup;
			children = (
				633391B61A0FF9CD00A6EA5B /* A.txt */,
				633391B71A0FF9CD00A6EA5B /* B.txt */,
				633391B81A0FF9CD00A6EA5B /* finddupl */,
				633391B91A0FF9CD00A6EA5B /* finddupl.c */,
				633391BB1A0FF9CD00A6EA5B /* makefile */,
				633391BC1A0FF9CD00A6EA5B /* mentry.c */,
				633391BD1A0FF9CD00A6EA5B /* mentry.h */,
				633391BF1A0FF9CD00A6EA5B /* mlist.c */,
				633391C01A0FF9CD00A6EA5B /* mlist.h */,
				633391C21A0FF9CD00A6EA5B /* out.txt */,
				633391C31A0FF9CD00A6EA5B /* S.txt */,
			);
			path = AP3_Assessment1;
			sourceTree = "<group>";
		};
/* End PBXGroup section */

/* Begin PBXNativeTarget section */
		633391AB1A0FF91A00A6EA5B /* AP3_Assessment1 */ = {
			isa = PBXNativeTarget;
			buildConfigurationList = 633391B31A0FF91A00A6EA5B /* Build configuration list for PBXNativeTarget "AP3_Assessment1" */;
			buildPhases = (
				633391A81A0FF91A00A6EA5B /* Sources */,
				633391A91A0FF91A00A6EA5B /* Frameworks */,
				633391AA1A0FF91A00A6EA5B /* CopyFiles */,
			);
			buildRules = (
			);
			dependencies = (
			);
			name = AP3_Assessment1;
			productName = AP3_Assessment1;
			productReference = 633391AC1A0FF91A00A6EA5B /* AP3_Assessment1 */;
			productType = "com.apple.product-type.tool";
		};
/* End PBXNativeTarget section */

/* Begin PBXProject section */
		633391A41A0FF91A00A6EA5B /* Project object */ = {
			isa = PBXProject;
			attributes = {
				LastUpgradeCheck = 0610;
				ORGANIZATIONNAME = "Samacharn Sankul";
				TargetAttributes = {
					633391AB1A0FF91A00A6EA5B = {
						CreatedOnToolsVersion = 6.1;
					};
				};
			};
			buildConfigurationList = 633391A71A0FF91A00A6EA5B /* Build configuration list for PBXProject "AP3_Assessment1" */;
			compatibilityVersion = "Xcode 3.2";
			developmentRegion = English;
			hasScannedForEncodings = 0;
			knownRegions = (
				en,
			);
			mainGroup = 633391A31A0FF91A00A6EA5B;
			productRefGroup = 633391AD1A0FF91A00A6EA5B /* Products */;
			projectDirPath = "";
			projectRoot = "";
			targets = (
				633391AB1A0FF91A00A6EA5B /* AP3_Assessment1 */,
			);
		};
/* End PBXProject section */

/* Begin PBXSourcesBuildPhase section */
		633391A81A0FF91A00A6EA5B /* Sources */ = {
			isa = PBXSourcesBuildPhase;
			buildActionMask = 2147483647;
			files = (
				633391C71A0FF9CD00A6EA5B /* mentry.c in Sources */,
				633391C41A0FF9CD00A6EA5B /* finddupl.c in Sources */,
				633391C91A0FF9CD00A6EA5B /* mlist.c in Sources */,
				633391C61A0FF9CD00A6EA5B /* makefile in Sources */,
			);
			runOnlyForDeploymentPostprocessing = 0;
		};
/* End PBXSourcesBuildPhase section */

/* Begin XCBuildConfiguration section */
		633391B11A0FF91A00A6EA5B /* Debug */ = {
			isa = XCBuildConfiguration;
			buildSettings = {
				ALWAYS_SEARCH_USER_PATHS = NO;
				CLANG_CXX_LANGUAGE_STANDARD = "gnu++0x";
				CLANG_CXX_LIBRARY = "libc++";
				CLANG_ENABLE_MODULES = YES;
				CLANG_ENABLE_OBJC_ARC = YES;
				CLANG_WARN_BOOL_CONVERSION = YES;
				CLANG_WARN_CONSTANT_CONVERSION = YES;
				CLANG_WARN_DIRECT_OBJC_ISA_USAGE = YES_ERROR;
				CLANG_WARN_EMPTY_BODY = YES;
				CLANG_WARN_ENUM_CONVERSION = YES;
				CLANG_WARN_INT_CONVERSION = YES;
				CLANG_WARN_OBJC_ROOT_CLASS = YES_ERROR;
				CLANG_WARN_UNREACHABLE_CODE = YES;
				CLANG_WARN__DUPLICATE_METHOD_MATCH = YES;
				COPY_PHASE_STRIP = NO;
				ENABLE_STRICT_OBJC_MSGSEND = YES;
				GCC_C_LANGUAGE_STANDARD = gnu99;
				GCC_DYNAMIC_NO_PIC = NO;
				GCC_OPTIMIZATION_LEVEL = 0;
				GCC_PREPROCESSOR_DEFINITIONS = (
					"DEBUG=1",
					"$(inherited)",
				);
				GCC_SYMBOLS_PRIVATE_EXTERN = NO;
				GCC_WARN_64_TO_32_BIT_CONVERSION = YES;
				GCC_WARN_ABOUT_RETURN_TYPE = YES_ERROR;
				GCC_WARN_UNDECLARED_SELECTOR = YES;
				GCC_WARN_UNINITIALIZED_AUTOS = YES_AGGRESSIVE;
				GCC_WARN_UNUSED_FUNCTION = YES;
				GCC_WARN_UNUSED_VARIABLE = YES;
				MACOSX_DEPLOYMENT_TARGET = 10.10;
				MTL_ENABLE_DEBUG_INFO = YES;
				ONLY_ACTIVE_ARCH = YES;
				SDKROOT = macosx;
			};
			name = Debug;
		};
		633391B21A0FF91A00A6EA5B /* Release */ = {
			isa = XCBuildConfiguration;
			buildSettings = {
				ALWAYS_SEARCH_USER_PATHS = NO;
				CLANG_CXX_LANGUAGE_STANDARD = "gnu++0x";
				CLANG_CXX_LIBRARY = "libc++";
				CLANG_ENABLE_MODULES = YES;
				CLANG_ENABLE_OBJC_ARC = YES;
				CLANG_WARN_BOOL_CONVERSION = YES;
				CLANG_WARN_CONSTANT_CONVERSION = YES;
				CLANG_WARN_DIRECT_OBJC_ISA_USAGE = YES_ERROR;
				CLANG_WARN_EMPTY_BODY = YES;
				CLANG_WARN_ENUM_CONVERSION = YES;
				CLANG_WARN_INT_CONVERSION = YES;
				CLANG_WARN_OBJC_ROOT_CLASS = YES_ERROR;
				CLANG_WARN_UNREACHABLE_CODE = YES;
				CLANG_WARN__DUPLICATE_METHOD_MATCH = YES;
				COPY_PHASE_STRIP = YES;
				DEBUG_INFORMATION_FORMAT = "dwarf-with-dsym";
				ENABLE_NS_ASSERTIONS = NO;
				ENABLE_STRICT_OBJC_MSGSEND = YES;
				GCC_C_LANGUAGE_STANDARD = gnu99;
				GCC_WARN_64_TO_32_BIT_CONVERSION = YES;
				GCC_WARN_ABOUT_RETURN_TYPE = YES_ERROR;
				GCC_WARN_UNDECLARED_SELECTOR = YES;
				GCC_WARN_UNINITIALIZED_AUTOS = YES_AGGRESSIVE;
				GCC_WARN_UNUSED_FUNCTION = YES;
				GCC_WARN_UNUSED_VARIABLE = YES;
				MACOSX_DEPLOYMENT_TARGET = 10.10;
				MTL_ENABLE_DEBUG_INFO = NO;
				SDKROOT = macosx;
			};
			name = Release;
		};
		633391B41A0FF91A00A6EA5B /* Debug */ = {
			isa = XCBuildConfiguration;
			buildSettings = {
				PRODUCT_NAME = "$(TARGET_NAME)";
			};
			name = Debug;
		};
		633391B51A0FF91A00A6EA5B /* Release */ = {
			isa = XCBuildConfiguration;
			buildSettings = {
				PRODUCT_NAME = "$(TARGET_NAME)";
			};
			name = Release;
		};
/* End XCBuildConfiguration section */

/* Begin XCConfigurationList section */
		633391A71A0FF91A00A6EA5B /* Build configuration list for PBXProject "AP3_Assessment1" */ = {
			isa = XCConfigurationList;
			buildConfigurations = (
				633391B11A0FF91A00A6EA5B /* Debug */,
				633391B21A0FF91A00A6EA5B /* Release */,
			);
			defaultConfigurationIsVisible = 0;
			defaultConfigurationName = Release;
		};
		633391B31A0FF91A00A6EA5B /* Build configuration list for PBXNativeTarget "AP3_Assessment1" */ = {
			isa = XCConfigurationList;
			buildConfigurations = (
				633391B41A0FF91A00A6EA5B /* Debug */,
				633391B51A0FF91A00A6EA5B /* Release */,
			);
			defaultConfigurationIsVisible = 0;
		};
/* End XCConfigurationList section */
	};
	rootObject = 633391A41A0FF91A00A6EA5B /* Project object */;
}
